// !$*UTF8*$!
{
	archiveVersion = 1;
	classes = {
	};
	objectVersion = 77;
	objects = {

/* Begin PBXBuildFile section */
		1A8DAE712EEA746200C5DD71 /* FirebaseAnalytics in Frameworks */ = {isa = PBXBuildFile; productRef = 1A8DAE702EEA746200C5DD71 /* FirebaseAnalytics */; };
		1A8DAE732EEA746200C5DD71 /* FirebaseCore in Frameworks */ = {isa = PBXBuildFile; productRef = 1A8DAE722EEA746200C5DD71 /* FirebaseCore */; };
		1A8DAE752EEA747400C5DD71 /* FirebaseAnalytics in Frameworks */ = {isa = PBXBuildFile; productRef = 1A8DAE742EEA747400C5DD71 /* FirebaseAnalytics */; };
		1A8DAE772EEA747400C5DD71 /* FirebaseCore in Frameworks */ = {isa = PBXBuildFile; productRef = 1A8DAE762EEA747400C5DD71 /* FirebaseCore */; };
		1AB6D0D72EE9E27100196EEA /* FirebaseAnalytics in Frameworks */ = {isa = PBXBuildFile; productRef = 1AB6D0D62EE9E27100196EEA /* FirebaseAnalytics */; };
		1AB6D0D92EE9E27100196EEA /* FirebaseAnalyticsCore in Frameworks */ = {isa = PBXBuildFile; productRef = 1AB6D0D82EE9E27100196EEA /* FirebaseAnalyticsCore */; };
		1AB6D0DB2EE9E27100196EEA /* FirebaseCore in Frameworks */ = {isa = PBXBuildFile; productRef = 1AB6D0DA2EE9E27100196EEA /* FirebaseCore */; };
		1AB6D0DD2EE9E27100196EEA /* FirebaseCrashlytics in Frameworks */ = {isa = PBXBuildFile; productRef = 1AB6D0DC2EE9E27100196EEA /* FirebaseCrashlytics */; };
		1AD095E32ED6C1E700A540EC /* WidgetKit.framework in Frameworks */ = {isa = PBXBuildFile; fileRef = 1AD095E22ED6C1E700A540EC /* WidgetKit.framework */; };
		1AD095E52ED6C1E700A540EC /* SwiftUI.framework in Frameworks */ = {isa = PBXBuildFile; fileRef = 1AD095E42ED6C1E700A540EC /* SwiftUI.framework */; };
		1AD095F42ED6C1E800A540EC /* MemoryActivityWidgetExtension.appex in Embed Foundation Extensions */ = {isa = PBXBuildFile; fileRef = 1AD095E02ED6C1E700A540EC /* MemoryActivityWidgetExtension.appex */; settings = {ATTRIBUTES = (RemoveHeadersOnCopy, ); }; };
		1AD096502EDFEABA00A540EC /* LiveNoteShareExtension.appex in Embed Foundation Extensions */ = {isa = PBXBuildFile; fileRef = 1AD096462EDFEABA00A540EC /* LiveNoteShareExtension.appex */; settings = {ATTRIBUTES = (RemoveHeadersOnCopy, ); }; };
/* End PBXBuildFile section */

/* Begin PBXContainerItemProxy section */
		1AD095F22ED6C1E800A540EC /* PBXContainerItemProxy */ = {
			isa = PBXContainerItemProxy;
			containerPortal = 1AD095C02ED6BF9D00A540EC /* Project object */;
			proxyType = 1;
			remoteGlobalIDString = 1AD095DF2ED6C1E700A540EC;
			remoteInfo = MemoryActivityWidgetExtension;
		};
		1AD0964E2EDFEABA00A540EC /* PBXContainerItemProxy */ = {
			isa = PBXContainerItemProxy;
			containerPortal = 1AD095C02ED6BF9D00A540EC /* Project object */;
			proxyType = 1;
			remoteGlobalIDString = 1AD096452EDFEABA00A540EC;
			remoteInfo = IslandMemoShareExtension;
		};
/* End PBXContainerItemProxy section */

/* Begin PBXCopyFilesBuildPhase section */
		1AD095F92ED6C1E800A540EC /* Embed Foundation Extensions */ = {
			isa = PBXCopyFilesBuildPhase;
			buildActionMask = 2147483647;
			dstPath = "";
			dstSubfolderSpec = 13;
			files = (
				1AD095F42ED6C1E800A540EC /* MemoryActivityWidgetExtension.appex in Embed Foundation Extensions */,
				1AD096502EDFEABA00A540EC /* LiveNoteShareExtension.appex in Embed Foundation Extensions */,
			);
			name = "Embed Foundation Extensions";
			runOnlyForDeploymentPostprocessing = 0;
		};
/* End PBXCopyFilesBuildPhase section */

/* Begin PBXFileReference section */
		1A67CFBE2EE3143700D21851 /* MemoryActivityWidgetExtension.entitlements */ = {isa = PBXFileReference; lastKnownFileType = text.plist.entitlements; path = MemoryActivityWidgetExtension.entitlements; sourceTree = "<group>"; };
		1AD095C82ED6BF9D00A540EC /* LiveNote.app */ = {isa = PBXFileReference; explicitFileType = wrapper.application; includeInIndex = 0; path = LiveNote.app; sourceTree = BUILT_PRODUCTS_DIR; };
		1AD095E02ED6C1E700A540EC /* MemoryActivityWidgetExtension.appex */ = {isa = PBXFileReference; explicitFileType = "wrapper.app-extension"; includeInIndex = 0; path = MemoryActivityWidgetExtension.appex; sourceTree = BUILT_PRODUCTS_DIR; };
		1AD095E22ED6C1E700A540EC /* WidgetKit.framework */ = {isa = PBXFileReference; lastKnownFileType = wrapper.framework; name = WidgetKit.framework; path = System/Library/Frameworks/WidgetKit.framework; sourceTree = SDKROOT; };
		1AD095E42ED6C1E700A540EC /* SwiftUI.framework */ = {isa = PBXFileReference; lastKnownFileType = wrapper.framework; name = SwiftUI.framework; path = System/Library/Frameworks/SwiftUI.framework; sourceTree = SDKROOT; };
		1AD096462EDFEABA00A540EC /* LiveNoteShareExtension.appex */ = {isa = PBXFileReference; explicitFileType = "wrapper.app-extension"; includeInIndex = 0; path = LiveNoteShareExtension.appex; sourceTree = BUILT_PRODUCTS_DIR; };
/* End PBXFileReference section */

/* Begin PBXFileSystemSynchronizedBuildFileExceptionSet section */
		1A67CE4F2EE14F8100D21851 /* Exceptions for "MemoryActivityWidget" folder in "LiveNote" target */ = {
			isa = PBXFileSystemSynchronizedBuildFileExceptionSet;
			membershipExceptions = (
				MemoryActivityWidget.swift,
				MemoryActivityWidgetControl.swift,
			);
			target = 1AD095C72ED6BF9D00A540EC /* LiveNote */;
		};
		1AD095F52ED6C1E800A540EC /* Exceptions for "MemoryActivityWidget" folder in "MemoryActivityWidgetExtension" target */ = {
			isa = PBXFileSystemSynchronizedBuildFileExceptionSet;
			membershipExceptions = (
				Info.plist,
			);
			target = 1AD095DF2ED6C1E700A540EC /* MemoryActivityWidgetExtension */;
		};
		1AD095FB2ED6C1F700A540EC /* Exceptions for "LiveNote" folder in "MemoryActivityWidgetExtension" target */ = {
			isa = PBXFileSystemSynchronizedBuildFileExceptionSet;
			membershipExceptions = (
				Constants/PersistenceKeys.swift,
				LiveActivityManager.swift,
				Services/FirebaseAnalyticsManager.swift,
				Services/LocalizationManager.swift,
				Shared/Colors.swift,
				Shared/Constants.swift,
				Shared/InfoPlist.strings,
				Shared/MemoryNoteAttributes.swift,
			);
			target = 1AD095DF2ED6C1E700A540EC /* MemoryActivityWidgetExtension */;
		};
		1AD096002ED6C36C00A540EC /* Exceptions for "LiveNote" folder in "LiveNote" target */ = {
			isa = PBXFileSystemSynchronizedBuildFileExceptionSet;
			membershipExceptions = (
				Info.plist,
			);
			target = 1AD095C72ED6BF9D00A540EC /* LiveNote */;
		};
		1AD096542EDFEABA00A540EC /* Exceptions for "LiveNoteShareExtension" folder in "LiveNoteShareExtension" target */ = {
			isa = PBXFileSystemSynchronizedBuildFileExceptionSet;
			membershipExceptions = (
				Info.plist,
			);
			target = 1AD096452EDFEABA00A540EC /* LiveNoteShareExtension */;
		};
		1AD096582EDFFDD400A540EC /* Exceptions for "LiveNote" folder in "LiveNoteShareExtension" target */ = {
			isa = PBXFileSystemSynchronizedBuildFileExceptionSet;
			membershipExceptions = (
				Constants/PersistenceKeys.swift,
				Models/Category.swift,
				Models/LinkItem.swift,
				Services/FirebaseAnalyticsManager.swift,
				Services/LinkMetadataService.swift,
				Services/LocalizationManager.swift,
				Services/SharedModelContainer.swift,
				Shared/Colors.swift,
			);
			target = 1AD096452EDFEABA00A540EC /* LiveNoteShareExtension */;
		};
/* End PBXFileSystemSynchronizedBuildFileExceptionSet section */

/* Begin PBXFileSystemSynchronizedRootGroup section */
		1AD095CA2ED6BF9D00A540EC /* LiveNote */ = {
			isa = PBXFileSystemSynchronizedRootGroup;
			exceptions = (
				1AD096002ED6C36C00A540EC /* Exceptions for "LiveNote" folder in "LiveNote" target */,
				1AD095FB2ED6C1F700A540EC /* Exceptions for "LiveNote" folder in "MemoryActivityWidgetExtension" target */,
				1AD096582EDFFDD400A540EC /* Exceptions for "LiveNote" folder in "LiveNoteShareExtension" target */,
			);
			path = LiveNote;
			sourceTree = "<group>";
		};
		1AD095E62ED6C1E700A540EC /* MemoryActivityWidget */ = {
			isa = PBXFileSystemSynchronizedRootGroup;
			exceptions = (
				1A67CE4F2EE14F8100D21851 /* Exceptions for "MemoryActivityWidget" folder in "LiveNote" target */,
				1AD095F52ED6C1E800A540EC /* Exceptions for "MemoryActivityWidget" folder in "MemoryActivityWidgetExtension" target */,
			);
			path = MemoryActivityWidget;
			sourceTree = "<group>";
		};
		1AD096472EDFEABA00A540EC /* LiveNoteShareExtension */ = {
			isa = PBXFileSystemSynchronizedRootGroup;
			exceptions = (
				1AD096542EDFEABA00A540EC /* Exceptions for "LiveNoteShareExtension" folder in "LiveNoteShareExtension" target */,
			);
			path = LiveNoteShareExtension;
			sourceTree = "<group>";
		};
/* End PBXFileSystemSynchronizedRootGroup section */

/* Begin PBXFrameworksBuildPhase section */
		1AD095C52ED6BF9D00A540EC /* Frameworks */ = {
			isa = PBXFrameworksBuildPhase;
			buildActionMask = 2147483647;
			files = (
				1AB6D0D72EE9E27100196EEA /* FirebaseAnalytics in Frameworks */,
				1AB6D0DD2EE9E27100196EEA /* FirebaseCrashlytics in Frameworks */,
				1AB6D0DB2EE9E27100196EEA /* FirebaseCore in Frameworks */,
				1AB6D0D92EE9E27100196EEA /* FirebaseAnalyticsCore in Frameworks */,
			);
			runOnlyForDeploymentPostprocessing = 0;
		};
		1AD095DD2ED6C1E700A540EC /* Frameworks */ = {
			isa = PBXFrameworksBuildPhase;
			buildActionMask = 2147483647;
			files = (
				1AD095E52ED6C1E700A540EC /* SwiftUI.framework in Frameworks */,
				1AD095E32ED6C1E700A540EC /* WidgetKit.framework in Frameworks */,
				1A8DAE732EEA746200C5DD71 /* FirebaseCore in Frameworks */,
				1A8DAE712EEA746200C5DD71 /* FirebaseAnalytics in Frameworks */,
			);
			runOnlyForDeploymentPostprocessing = 0;
		};
		1AD096432EDFEABA00A540EC /* Frameworks */ = {
			isa = PBXFrameworksBuildPhase;
			buildActionMask = 2147483647;
			files = (
				1A8DAE772EEA747400C5DD71 /* FirebaseCore in Frameworks */,
				1A8DAE752EEA747400C5DD71 /* FirebaseAnalytics in Frameworks */,
			);
			runOnlyForDeploymentPostprocessing = 0;
		};
/* End PBXFrameworksBuildPhase section */

/* Begin PBXGroup section */
		1AD095BF2ED6BF9D00A540EC = {
			isa = PBXGroup;
			children = (
				1A67CFBE2EE3143700D21851 /* MemoryActivityWidgetExtension.entitlements */,
				1AD095CA2ED6BF9D00A540EC /* LiveNote */,
				1AD095E62ED6C1E700A540EC /* MemoryActivityWidget */,
				1AD096472EDFEABA00A540EC /* LiveNoteShareExtension */,
				1AD095E12ED6C1E700A540EC /* Frameworks */,
				1AD095C92ED6BF9D00A540EC /* Products */,
			);
			sourceTree = "<group>";
		};
		1AD095C92ED6BF9D00A540EC /* Products */ = {
			isa = PBXGroup;
			children = (
				1AD095C82ED6BF9D00A540EC /* LiveNote.app */,
				1AD095E02ED6C1E700A540EC /* MemoryActivityWidgetExtension.appex */,
				1AD096462EDFEABA00A540EC /* LiveNoteShareExtension.appex */,
			);
			name = Products;
			sourceTree = "<group>";
		};
		1AD095E12ED6C1E700A540EC /* Frameworks */ = {
			isa = PBXGroup;
			children = (
				1AD095E22ED6C1E700A540EC /* WidgetKit.framework */,
				1AD095E42ED6C1E700A540EC /* SwiftUI.framework */,
			);
			name = Frameworks;
			sourceTree = "<group>";
		};
/* End PBXGroup section */

/* Begin PBXNativeTarget section */
		1AD095C72ED6BF9D00A540EC /* LiveNote */ = {
			isa = PBXNativeTarget;
			buildConfigurationList = 1AD095D52ED6BF9E00A540EC /* Build configuration list for PBXNativeTarget "LiveNote" */;
			buildPhases = (
				1AD095C42ED6BF9D00A540EC /* Sources */,
				1AD095C52ED6BF9D00A540EC /* Frameworks */,
				1AD095C62ED6BF9D00A540EC /* Resources */,
				1AD095F92ED6C1E800A540EC /* Embed Foundation Extensions */,
			);
			buildRules = (
			);
			dependencies = (
				1AD095F32ED6C1E800A540EC /* PBXTargetDependency */,
				1AD0964F2EDFEABA00A540EC /* PBXTargetDependency */,
			);
			fileSystemSynchronizedGroups = (
				1AD095CA2ED6BF9D00A540EC /* LiveNote */,
			);
			name = LiveNote;
			packageProductDependencies = (
				1AB6D0D62EE9E27100196EEA /* FirebaseAnalytics */,
				1AB6D0D82EE9E27100196EEA /* FirebaseAnalyticsCore */,
				1AB6D0DA2EE9E27100196EEA /* FirebaseCore */,
				1AB6D0DC2EE9E27100196EEA /* FirebaseCrashlytics */,
			);
			productName = islandmemo;
			productReference = 1AD095C82ED6BF9D00A540EC /* LiveNote.app */;
			productType = "com.apple.product-type.application";
		};
		1AD095DF2ED6C1E700A540EC /* MemoryActivityWidgetExtension */ = {
			isa = PBXNativeTarget;
			buildConfigurationList = 1AD095F62ED6C1E800A540EC /* Build configuration list for PBXNativeTarget "MemoryActivityWidgetExtension" */;
			buildPhases = (
				1AD095DC2ED6C1E700A540EC /* Sources */,
				1AD095DD2ED6C1E700A540EC /* Frameworks */,
				1AD095DE2ED6C1E700A540EC /* Resources */,
			);
			buildRules = (
			);
			dependencies = (
			);
			fileSystemSynchronizedGroups = (
				1AD095E62ED6C1E700A540EC /* MemoryActivityWidget */,
			);
			name = MemoryActivityWidgetExtension;
			packageProductDependencies = (
				1A8DAE702EEA746200C5DD71 /* FirebaseAnalytics */,
				1A8DAE722EEA746200C5DD71 /* FirebaseCore */,
			);
			productName = MemoryActivityWidgetExtension;
			productReference = 1AD095E02ED6C1E700A540EC /* MemoryActivityWidgetExtension.appex */;
			productType = "com.apple.product-type.app-extension";
		};
		1AD096452EDFEABA00A540EC /* LiveNoteShareExtension */ = {
			isa = PBXNativeTarget;
			buildConfigurationList = 1AD096512EDFEABA00A540EC /* Build configuration list for PBXNativeTarget "LiveNoteShareExtension" */;
			buildPhases = (
				1AD096422EDFEABA00A540EC /* Sources */,
				1AD096432EDFEABA00A540EC /* Frameworks */,
				1AD096442EDFEABA00A540EC /* Resources */,
			);
			buildRules = (
			);
			dependencies = (
			);
			fileSystemSynchronizedGroups = (
				1AD096472EDFEABA00A540EC /* LiveNoteShareExtension */,
			);
			name = LiveNoteShareExtension;
			packageProductDependencies = (
				1A8DAE742EEA747400C5DD71 /* FirebaseAnalytics */,
				1A8DAE762EEA747400C5DD71 /* FirebaseCore */,
			);
			productName = IslandMemoShareExtension;
			productReference = 1AD096462EDFEABA00A540EC /* LiveNoteShareExtension.appex */;
			productType = "com.apple.product-type.app-extension";
		};
/* End PBXNativeTarget section */

/* Begin PBXProject section */
		1AD095C02ED6BF9D00A540EC /* Project object */ = {
			isa = PBXProject;
			attributes = {
				BuildIndependentTargetsInParallel = 1;
				LastSwiftUpdateCheck = 2610;
				LastUpgradeCheck = 2610;
				TargetAttributes = {
					1AD095C72ED6BF9D00A540EC = {
						CreatedOnToolsVersion = 26.1.1;
					};
					1AD095DF2ED6C1E700A540EC = {
						CreatedOnToolsVersion = 26.1.1;
					};
					1AD096452EDFEABA00A540EC = {
						CreatedOnToolsVersion = 26.1.1;
					};
				};
			};
			buildConfigurationList = 1AD095C32ED6BF9D00A540EC /* Build configuration list for PBXProject "LiveNote" */;
			developmentRegion = en;
			hasScannedForEncodings = 0;
			knownRegions = (
				en,
				Base,
			);
			mainGroup = 1AD095BF2ED6BF9D00A540EC;
			minimizedProjectReferenceProxies = 1;
			packageReferences = (
				1A875D192EE9DFCF00FFFD2D /* XCRemoteSwiftPackageReference "firebase-ios-sdk" */,
			);
			preferredProjectObjectVersion = 77;
			productRefGroup = 1AD095C92ED6BF9D00A540EC /* Products */;
			projectDirPath = "";
			projectRoot = "";
			targets = (
				1AD095C72ED6BF9D00A540EC /* LiveNote */,
				1AD095DF2ED6C1E700A540EC /* MemoryActivityWidgetExtension */,
				1AD096452EDFEABA00A540EC /* LiveNoteShareExtension */,
			);
		};
/* End PBXProject section */

/* Begin PBXResourcesBuildPhase section */
		1AD095C62ED6BF9D00A540EC /* Resources */ = {
			isa = PBXResourcesBuildPhase;
			buildActionMask = 2147483647;
			files = (
			);
			runOnlyForDeploymentPostprocessing = 0;
		};
		1AD095DE2ED6C1E700A540EC /* Resources */ = {
			isa = PBXResourcesBuildPhase;
			buildActionMask = 2147483647;
			files = (
			);
			runOnlyForDeploymentPostprocessing = 0;
		};
		1AD096442EDFEABA00A540EC /* Resources */ = {
			isa = PBXResourcesBuildPhase;
			buildActionMask = 2147483647;
			files = (
			);
			runOnlyForDeploymentPostprocessing = 0;
		};
/* End PBXResourcesBuildPhase section */

/* Begin PBXSourcesBuildPhase section */
		1AD095C42ED6BF9D00A540EC /* Sources */ = {
			isa = PBXSourcesBuildPhase;
			buildActionMask = 2147483647;
			files = (
			);
			runOnlyForDeploymentPostprocessing = 0;
		};
		1AD095DC2ED6C1E700A540EC /* Sources */ = {
			isa = PBXSourcesBuildPhase;
			buildActionMask = 2147483647;
			files = (
			);
			runOnlyForDeploymentPostprocessing = 0;
		};
		1AD096422EDFEABA00A540EC /* Sources */ = {
			isa = PBXSourcesBuildPhase;
			buildActionMask = 2147483647;
			files = (
			);
			runOnlyForDeploymentPostprocessing = 0;
		};
/* End PBXSourcesBuildPhase section */

/* Begin PBXTargetDependency section */
		1AD095F32ED6C1E800A540EC /* PBXTargetDependency */ = {
			isa = PBXTargetDependency;
			target = 1AD095DF2ED6C1E700A540EC /* MemoryActivityWidgetExtension */;
			targetProxy = 1AD095F22ED6C1E800A540EC /* PBXContainerItemProxy */;
		};
		1AD0964F2EDFEABA00A540EC /* PBXTargetDependency */ = {
			isa = PBXTargetDependency;
			target = 1AD096452EDFEABA00A540EC /* LiveNoteShareExtension */;
			targetProxy = 1AD0964E2EDFEABA00A540EC /* PBXContainerItemProxy */;
		};
/* End PBXTargetDependency section */

/* Begin XCBuildConfiguration section */
		1AD095D32ED6BF9E00A540EC /* Debug */ = {
			isa = XCBuildConfiguration;
			buildSettings = {
				ALWAYS_SEARCH_USER_PATHS = NO;
				ASSETCATALOG_COMPILER_GENERATE_SWIFT_ASSET_SYMBOL_EXTENSIONS = YES;
				CLANG_ANALYZER_NONNULL = YES;
				CLANG_ANALYZER_NUMBER_OBJECT_CONVERSION = YES_AGGRESSIVE;
				CLANG_CXX_LANGUAGE_STANDARD = "gnu++20";
				CLANG_ENABLE_MODULES = YES;
				CLANG_ENABLE_OBJC_ARC = YES;
				CLANG_ENABLE_OBJC_WEAK = YES;
				CLANG_WARN_BLOCK_CAPTURE_AUTORELEASING = YES;
				CLANG_WARN_BOOL_CONVERSION = YES;
				CLANG_WARN_COMMA = YES;
				CLANG_WARN_CONSTANT_CONVERSION = YES;
				CLANG_WARN_DEPRECATED_OBJC_IMPLEMENTATIONS = YES;
				CLANG_WARN_DIRECT_OBJC_ISA_USAGE = YES_ERROR;
				CLANG_WARN_DOCUMENTATION_COMMENTS = YES;
				CLANG_WARN_EMPTY_BODY = YES;
				CLANG_WARN_ENUM_CONVERSION = YES;
				CLANG_WARN_INFINITE_RECURSION = YES;
				CLANG_WARN_INT_CONVERSION = YES;
				CLANG_WARN_NON_LITERAL_NULL_CONVERSION = YES;
				CLANG_WARN_OBJC_IMPLICIT_RETAIN_SELF = YES;
				CLANG_WARN_OBJC_LITERAL_CONVERSION = YES;
				CLANG_WARN_OBJC_ROOT_CLASS = YES_ERROR;
				CLANG_WARN_QUOTED_INCLUDE_IN_FRAMEWORK_HEADER = YES;
				CLANG_WARN_RANGE_LOOP_ANALYSIS = YES;
				CLANG_WARN_STRICT_PROTOTYPES = YES;
				CLANG_WARN_SUSPICIOUS_MOVE = YES;
				CLANG_WARN_UNGUARDED_AVAILABILITY = YES_AGGRESSIVE;
				CLANG_WARN_UNREACHABLE_CODE = YES;
				CLANG_WARN__DUPLICATE_METHOD_MATCH = YES;
				COPY_PHASE_STRIP = NO;
				DEBUG_INFORMATION_FORMAT = dwarf;
				DEVELOPMENT_TEAM = GZLLG9NWF4;
				ENABLE_STRICT_OBJC_MSGSEND = YES;
				ENABLE_TESTABILITY = YES;
				ENABLE_USER_SCRIPT_SANDBOXING = YES;
				GCC_C_LANGUAGE_STANDARD = gnu17;
				GCC_DYNAMIC_NO_PIC = NO;
				GCC_NO_COMMON_BLOCKS = YES;
				GCC_OPTIMIZATION_LEVEL = 0;
				GCC_PREPROCESSOR_DEFINITIONS = (
					"DEBUG=1",
					"$(inherited)",
				);
				GCC_WARN_64_TO_32_BIT_CONVERSION = YES;
				GCC_WARN_ABOUT_RETURN_TYPE = YES_ERROR;
				GCC_WARN_UNDECLARED_SELECTOR = YES;
				GCC_WARN_UNINITIALIZED_AUTOS = YES_AGGRESSIVE;
				GCC_WARN_UNUSED_FUNCTION = YES;
				GCC_WARN_UNUSED_VARIABLE = YES;
				IPHONEOS_DEPLOYMENT_TARGET = 26.1;
				LOCALIZATION_PREFERS_STRING_CATALOGS = YES;
				MTL_ENABLE_DEBUG_INFO = INCLUDE_SOURCE;
				MTL_FAST_MATH = YES;
				ONLY_ACTIVE_ARCH = YES;
				SDKROOT = iphoneos;
				SWIFT_ACTIVE_COMPILATION_CONDITIONS = "DEBUG $(inherited)";
				SWIFT_OPTIMIZATION_LEVEL = "-Onone";
			};
			name = Debug;
		};
		1AD095D42ED6BF9E00A540EC /* Release */ = {
			isa = XCBuildConfiguration;
			buildSettings = {
				ALWAYS_SEARCH_USER_PATHS = NO;
				ASSETCATALOG_COMPILER_GENERATE_SWIFT_ASSET_SYMBOL_EXTENSIONS = YES;
				CLANG_ANALYZER_NONNULL = YES;
				CLANG_ANALYZER_NUMBER_OBJECT_CONVERSION = YES_AGGRESSIVE;
				CLANG_CXX_LANGUAGE_STANDARD = "gnu++20";
				CLANG_ENABLE_MODULES = YES;
				CLANG_ENABLE_OBJC_ARC = YES;
				CLANG_ENABLE_OBJC_WEAK = YES;
				CLANG_WARN_BLOCK_CAPTURE_AUTORELEASING = YES;
				CLANG_WARN_BOOL_CONVERSION = YES;
				CLANG_WARN_COMMA = YES;
				CLANG_WARN_CONSTANT_CONVERSION = YES;
				CLANG_WARN_DEPRECATED_OBJC_IMPLEMENTATIONS = YES;
				CLANG_WARN_DIRECT_OBJC_ISA_USAGE = YES_ERROR;
				CLANG_WARN_DOCUMENTATION_COMMENTS = YES;
				CLANG_WARN_EMPTY_BODY = YES;
				CLANG_WARN_ENUM_CONVERSION = YES;
				CLANG_WARN_INFINITE_RECURSION = YES;
				CLANG_WARN_INT_CONVERSION = YES;
				CLANG_WARN_NON_LITERAL_NULL_CONVERSION = YES;
				CLANG_WARN_OBJC_IMPLICIT_RETAIN_SELF = YES;
				CLANG_WARN_OBJC_LITERAL_CONVERSION = YES;
				CLANG_WARN_OBJC_ROOT_CLASS = YES_ERROR;
				CLANG_WARN_QUOTED_INCLUDE_IN_FRAMEWORK_HEADER = YES;
				CLANG_WARN_RANGE_LOOP_ANALYSIS = YES;
				CLANG_WARN_STRICT_PROTOTYPES = YES;
				CLANG_WARN_SUSPICIOUS_MOVE = YES;
				CLANG_WARN_UNGUARDED_AVAILABILITY = YES_AGGRESSIVE;
				CLANG_WARN_UNREACHABLE_CODE = YES;
				CLANG_WARN__DUPLICATE_METHOD_MATCH = YES;
				COPY_PHASE_STRIP = NO;
				DEBUG_INFORMATION_FORMAT = "dwarf-with-dsym";
				DEVELOPMENT_TEAM = GZLLG9NWF4;
				ENABLE_NS_ASSERTIONS = NO;
				ENABLE_STRICT_OBJC_MSGSEND = YES;
				ENABLE_USER_SCRIPT_SANDBOXING = YES;
				GCC_C_LANGUAGE_STANDARD = gnu17;
				GCC_NO_COMMON_BLOCKS = YES;
				GCC_WARN_64_TO_32_BIT_CONVERSION = YES;
				GCC_WARN_ABOUT_RETURN_TYPE = YES_ERROR;
				GCC_WARN_UNDECLARED_SELECTOR = YES;
				GCC_WARN_UNINITIALIZED_AUTOS = YES_AGGRESSIVE;
				GCC_WARN_UNUSED_FUNCTION = YES;
				GCC_WARN_UNUSED_VARIABLE = YES;
				IPHONEOS_DEPLOYMENT_TARGET = 26.1;
				LOCALIZATION_PREFERS_STRING_CATALOGS = YES;
				MTL_ENABLE_DEBUG_INFO = NO;
				MTL_FAST_MATH = YES;
				SDKROOT = iphoneos;
				SWIFT_COMPILATION_MODE = wholemodule;
				VALIDATE_PRODUCT = YES;
			};
			name = Release;
		};
		1AD095D62ED6BF9E00A540EC /* Debug */ = {
			isa = XCBuildConfiguration;
			buildSettings = {
				ASSETCATALOG_COMPILER_APPICON_NAME = AppIcon;
				ASSETCATALOG_COMPILER_GLOBAL_ACCENT_COLOR_NAME = AccentColor;
				ASSETCATALOG_COMPILER_INCLUDE_ALL_APPICON_ASSETS = YES;
				CODE_SIGN_ENTITLEMENTS = LiveNote/LiveNote.entitlements;
				CODE_SIGN_STYLE = Automatic;
				CURRENT_PROJECT_VERSION = 1;
				DEVELOPMENT_TEAM = GZLLG9NWF4;
				ENABLE_PREVIEWS = YES;
				GENERATE_INFOPLIST_FILE = YES;
				INFOPLIST_FILE = LiveNote/Info.plist;
				INFOPLIST_KEY_CFBundleDisplayName = LiveNote;
				INFOPLIST_KEY_NSFaceIDUsageDescription = "Unlock protected\n  categories with Face ID";
				INFOPLIST_KEY_NSSupportsLiveActivities = YES;
				INFOPLIST_KEY_UIApplicationSceneManifest_Generation = YES;
				INFOPLIST_KEY_UIApplicationSupportsIndirectInputEvents = YES;
				INFOPLIST_KEY_UILaunchScreen_Generation = YES;
				INFOPLIST_KEY_UISupportedInterfaceOrientations_iPad = "UIInterfaceOrientationPortrait UIInterfaceOrientationPortraitUpsideDown UIInterfaceOrientationLandscapeLeft UIInterfaceOrientationLandscapeRight";
				INFOPLIST_KEY_UISupportedInterfaceOrientations_iPhone = "UIInterfaceOrientationPortrait UIInterfaceOrientationLandscapeLeft UIInterfaceOrientationLandscapeRight";
				IPHONEOS_DEPLOYMENT_TARGET = 17.6;
				LD_RUNPATH_SEARCH_PATHS = (
					"$(inherited)",
					"@executable_path/Frameworks",
				);
				MARKETING_VERSION = 25.12.0;
				PRODUCT_BUNDLE_IDENTIFIER = mjkoo.livenote;
				PRODUCT_NAME = "$(TARGET_NAME)";
				STRING_CATALOG_GENERATE_SYMBOLS = YES;
				SWIFT_APPROACHABLE_CONCURRENCY = YES;
				SWIFT_DEFAULT_ACTOR_ISOLATION = MainActor;
				SWIFT_EMIT_LOC_STRINGS = YES;
				SWIFT_UPCOMING_FEATURE_MEMBER_IMPORT_VISIBILITY = YES;
				SWIFT_VERSION = 5.0;
				TARGETED_DEVICE_FAMILY = "1,2";
			};
			name = Debug;
		};
		1AD095D72ED6BF9E00A540EC /* Release */ = {
			isa = XCBuildConfiguration;
			buildSettings = {
				ASSETCATALOG_COMPILER_APPICON_NAME = AppIcon;
				ASSETCATALOG_COMPILER_GLOBAL_ACCENT_COLOR_NAME = AccentColor;
				ASSETCATALOG_COMPILER_INCLUDE_ALL_APPICON_ASSETS = YES;
				CODE_SIGN_ENTITLEMENTS = LiveNote/LiveNote.entitlements;
				CODE_SIGN_STYLE = Automatic;
				CURRENT_PROJECT_VERSION = 1;
				DEVELOPMENT_TEAM = GZLLG9NWF4;
				ENABLE_PREVIEWS = YES;
				GENERATE_INFOPLIST_FILE = YES;
				INFOPLIST_FILE = LiveNote/Info.plist;
				INFOPLIST_KEY_CFBundleDisplayName = LiveNote;
				INFOPLIST_KEY_NSFaceIDUsageDescription = "Unlock protected\n  categories with Face ID";
				INFOPLIST_KEY_NSSupportsLiveActivities = YES;
				INFOPLIST_KEY_UIApplicationSceneManifest_Generation = YES;
				INFOPLIST_KEY_UIApplicationSupportsIndirectInputEvents = YES;
				INFOPLIST_KEY_UILaunchScreen_Generation = YES;
				INFOPLIST_KEY_UISupportedInterfaceOrientations_iPad = "UIInterfaceOrientationPortrait UIInterfaceOrientationPortraitUpsideDown UIInterfaceOrientationLandscapeLeft UIInterfaceOrientationLandscapeRight";
				INFOPLIST_KEY_UISupportedInterfaceOrientations_iPhone = "UIInterfaceOrientationPortrait UIInterfaceOrientationLandscapeLeft UIInterfaceOrientationLandscapeRight";
				IPHONEOS_DEPLOYMENT_TARGET = 17.6;
				LD_RUNPATH_SEARCH_PATHS = (
					"$(inherited)",
					"@executable_path/Frameworks",
				);
				MARKETING_VERSION = 25.12.0;
				PRODUCT_BUNDLE_IDENTIFIER = mjkoo.livenote;
				PRODUCT_NAME = "$(TARGET_NAME)";
				STRING_CATALOG_GENERATE_SYMBOLS = YES;
				SWIFT_APPROACHABLE_CONCURRENCY = YES;
				SWIFT_DEFAULT_ACTOR_ISOLATION = MainActor;
				SWIFT_EMIT_LOC_STRINGS = YES;
				SWIFT_UPCOMING_FEATURE_MEMBER_IMPORT_VISIBILITY = YES;
				SWIFT_VERSION = 5.0;
				TARGETED_DEVICE_FAMILY = "1,2";
			};
			name = Release;
		};
		1AD095F72ED6C1E800A540EC /* Debug */ = {
			isa = XCBuildConfiguration;
			buildSettings = {
				ASSETCATALOG_COMPILER_GLOBAL_ACCENT_COLOR_NAME = AccentColor;
				ASSETCATALOG_COMPILER_WIDGET_BACKGROUND_COLOR_NAME = WidgetBackground;
				CODE_SIGN_ENTITLEMENTS = MemoryActivityWidgetExtension.entitlements;
				CODE_SIGN_STYLE = Automatic;
				CURRENT_PROJECT_VERSION = 1;
				DEVELOPMENT_TEAM = GZLLG9NWF4;
				GENERATE_INFOPLIST_FILE = YES;
				INFOPLIST_FILE = MemoryActivityWidget/Info.plist;
				INFOPLIST_KEY_CFBundleDisplayName = MemoryActivityWidget;
				INFOPLIST_KEY_NSHumanReadableCopyright = "";
				INFOPLIST_KEY_NSSupportsLiveActivities = YES;
				IPHONEOS_DEPLOYMENT_TARGET = 17.6;
				LD_RUNPATH_SEARCH_PATHS = (
					"$(inherited)",
					"@executable_path/Frameworks",
					"@executable_path/../../Frameworks",
				);
				MARKETING_VERSION = 1.0;
				PRODUCT_BUNDLE_IDENTIFIER = mjkoo.livenote.MemoryActivityWidget;
				PRODUCT_NAME = "$(TARGET_NAME)";
				SKIP_INSTALL = YES;
				STRING_CATALOG_GENERATE_SYMBOLS = YES;
				SWIFT_APPROACHABLE_CONCURRENCY = YES;
				SWIFT_EMIT_LOC_STRINGS = YES;
				SWIFT_UPCOMING_FEATURE_MEMBER_IMPORT_VISIBILITY = YES;
				SWIFT_VERSION = 5.0;
				TARGETED_DEVICE_FAMILY = "1,2";
			};
			name = Debug;
		};
		1AD095F82ED6C1E800A540EC /* Release */ = {
			isa = XCBuildConfiguration;
			buildSettings = {
				ASSETCATALOG_COMPILER_GLOBAL_ACCENT_COLOR_NAME = AccentColor;
				ASSETCATALOG_COMPILER_WIDGET_BACKGROUND_COLOR_NAME = WidgetBackground;
				CODE_SIGN_ENTITLEMENTS = MemoryActivityWidgetExtension.entitlements;
				CODE_SIGN_STYLE = Automatic;
				CURRENT_PROJECT_VERSION = 1;
				DEVELOPMENT_TEAM = GZLLG9NWF4;
				GENERATE_INFOPLIST_FILE = YES;
				INFOPLIST_FILE = MemoryActivityWidget/Info.plist;
				INFOPLIST_KEY_CFBundleDisplayName = MemoryActivityWidget;
				INFOPLIST_KEY_NSHumanReadableCopyright = "";
				INFOPLIST_KEY_NSSupportsLiveActivities = YES;
				IPHONEOS_DEPLOYMENT_TARGET = 17.6;
				LD_RUNPATH_SEARCH_PATHS = (
					"$(inherited)",
					"@executable_path/Frameworks",
					"@executable_path/../../Frameworks",
				);
				MARKETING_VERSION = 1.0;
				PRODUCT_BUNDLE_IDENTIFIER = mjkoo.livenote.MemoryActivityWidget;
				PRODUCT_NAME = "$(TARGET_NAME)";
				SKIP_INSTALL = YES;
				STRING_CATALOG_GENERATE_SYMBOLS = YES;
				SWIFT_APPROACHABLE_CONCURRENCY = YES;
				SWIFT_EMIT_LOC_STRINGS = YES;
				SWIFT_UPCOMING_FEATURE_MEMBER_IMPORT_VISIBILITY = YES;
				SWIFT_VERSION = 5.0;
				TARGETED_DEVICE_FAMILY = "1,2";
			};
			name = Release;
		};
		1AD096522EDFEABA00A540EC /* Debug */ = {
			isa = XCBuildConfiguration;
			buildSettings = {
				CODE_SIGN_ENTITLEMENTS = LiveNoteShareExtension/LiveNoteShareExtension.entitlements;
				CODE_SIGN_STYLE = Automatic;
				CURRENT_PROJECT_VERSION = 1;
				DEVELOPMENT_TEAM = GZLLG9NWF4;
				GENERATE_INFOPLIST_FILE = YES;
				INFOPLIST_FILE = LiveNoteShareExtension/Info.plist;
				INFOPLIST_KEY_CFBundleDisplayName = LiveNotehareExtension;
				INFOPLIST_KEY_NSHumanReadableCopyright = "";
				LD_RUNPATH_SEARCH_PATHS = (
					"$(inherited)",
					"@executable_path/Frameworks",
					"@executable_path/../../Frameworks",
				);
				MARKETING_VERSION = 25.12.0;
				PRODUCT_BUNDLE_IDENTIFIER = mjkoo.livenote.LiveNoteShareExtension;
				PRODUCT_NAME = "$(TARGET_NAME)";
				SKIP_INSTALL = YES;
				STRING_CATALOG_GENERATE_SYMBOLS = YES;
				SWIFT_APPROACHABLE_CONCURRENCY = YES;
				SWIFT_EMIT_LOC_STRINGS = YES;
				SWIFT_UPCOMING_FEATURE_MEMBER_IMPORT_VISIBILITY = YES;
				SWIFT_VERSION = 5.0;
				TARGETED_DEVICE_FAMILY = "1,2";
			};
			name = Debug;
		};
		1AD096532EDFEABA00A540EC /* Release */ = {
			isa = XCBuildConfiguration;
			buildSettings = {
				CODE_SIGN_ENTITLEMENTS = LiveNoteShareExtension/LiveNoteShareExtension.entitlements;
				CODE_SIGN_STYLE = Automatic;
				CURRENT_PROJECT_VERSION = 1;
				DEVELOPMENT_TEAM = GZLLG9NWF4;
				GENERATE_INFOPLIST_FILE = YES;
				INFOPLIST_FILE = LiveNoteShareExtension/Info.plist;
				INFOPLIST_KEY_CFBundleDisplayName = LiveNotehareExtension;
				INFOPLIST_KEY_NSHumanReadableCopyright = "";
				LD_RUNPATH_SEARCH_PATHS = (
					"$(inherited)",
					"@executable_path/Frameworks",
					"@executable_path/../../Frameworks",
				);
				MARKETING_VERSION = 25.12.0;
				PRODUCT_BUNDLE_IDENTIFIER = mjkoo.livenote.LiveNoteShareExtension;
				PRODUCT_NAME = "$(TARGET_NAME)";
				SKIP_INSTALL = YES;
				STRING_CATALOG_GENERATE_SYMBOLS = YES;
				SWIFT_APPROACHABLE_CONCURRENCY = YES;
				SWIFT_EMIT_LOC_STRINGS = YES;
				SWIFT_UPCOMING_FEATURE_MEMBER_IMPORT_VISIBILITY = YES;
				SWIFT_VERSION = 5.0;
				TARGETED_DEVICE_FAMILY = "1,2";
			};
			name = Release;
		};
/* End XCBuildConfiguration section */

/* Begin XCConfigurationList section */
		1AD095C32ED6BF9D00A540EC /* Build configuration list for PBXProject "LiveNote" */ = {
			isa = XCConfigurationList;
			buildConfigurations = (
				1AD095D32ED6BF9E00A540EC /* Debug */,
				1AD095D42ED6BF9E00A540EC /* Release */,
			);
			defaultConfigurationIsVisible = 0;
			defaultConfigurationName = Release;
		};
		1AD095D52ED6BF9E00A540EC /* Build configuration list for PBXNativeTarget "LiveNote" */ = {
			isa = XCConfigurationList;
			buildConfigurations = (
				1AD095D62ED6BF9E00A540EC /* Debug */,
				1AD095D72ED6BF9E00A540EC /* Release */,
			);
			defaultConfigurationIsVisible = 0;
			defaultConfigurationName = Release;
		};
		1AD095F62ED6C1E800A540EC /* Build configuration list for PBXNativeTarget "MemoryActivityWidgetExtension" */ = {
			isa = XCConfigurationList;
			buildConfigurations = (
				1AD095F72ED6C1E800A540EC /* Debug */,
				1AD095F82ED6C1E800A540EC /* Release */,
			);
			defaultConfigurationIsVisible = 0;
			defaultConfigurationName = Release;
		};
		1AD096512EDFEABA00A540EC /* Build configuration list for PBXNativeTarget "LiveNoteShareExtension" */ = {
			isa = XCConfigurationList;
			buildConfigurations = (
				1AD096522EDFEABA00A540EC /* Debug */,
				1AD096532EDFEABA00A540EC /* Release */,
			);
			defaultConfigurationIsVisible = 0;
			defaultConfigurationName = Release;
		};
/* End XCConfigurationList section */

/* Begin XCRemoteSwiftPackageReference section */
		1A875D192EE9DFCF00FFFD2D /* XCRemoteSwiftPackageReference "firebase-ios-sdk" */ = {
			isa = XCRemoteSwiftPackageReference;
			repositoryURL = "https://github.com/firebase/firebase-ios-sdk";
			requirement = {
				kind = upToNextMajorVersion;
				minimumVersion = 12.6.0;
			};
		};
/* End XCRemoteSwiftPackageReference section */

/* Begin XCSwiftPackageProductDependency section */
		1A8DAE702EEA746200C5DD71 /* FirebaseAnalytics */ = {
			isa = XCSwiftPackageProductDependency;
			package = 1A875D192EE9DFCF00FFFD2D /* XCRemoteSwiftPackageReference "firebase-ios-sdk" */;
			productName = FirebaseAnalytics;
		};
		1A8DAE722EEA746200C5DD71 /* FirebaseCore */ = {
			isa = XCSwiftPackageProductDependency;
			package = 1A875D192EE9DFCF00FFFD2D /* XCRemoteSwiftPackageReference "firebase-ios-sdk" */;
			productName = FirebaseCore;
		};
		1A8DAE742EEA747400C5DD71 /* FirebaseAnalytics */ = {
			isa = XCSwiftPackageProductDependency;
			package = 1A875D192EE9DFCF00FFFD2D /* XCRemoteSwiftPackageReference "firebase-ios-sdk" */;
			productName = FirebaseAnalytics;
		};
		1A8DAE762EEA747400C5DD71 /* FirebaseCore */ = {
			isa = XCSwiftPackageProductDependency;
			package = 1A875D192EE9DFCF00FFFD2D /* XCRemoteSwiftPackageReference "firebase-ios-sdk" */;
			productName = FirebaseCore;
		};
		1AB6D0D62EE9E27100196EEA /* FirebaseAnalytics */ = {
			isa = XCSwiftPackageProductDependency;
			package = 1A875D192EE9DFCF00FFFD2D /* XCRemoteSwiftPackageReference "firebase-ios-sdk" */;
			productName = FirebaseAnalytics;
		};
		1AB6D0D82EE9E27100196EEA /* FirebaseAnalyticsCore */ = {
			isa = XCSwiftPackageProductDependency;
			package = 1A875D192EE9DFCF00FFFD2D /* XCRemoteSwiftPackageReference "firebase-ios-sdk" */;
			productName = FirebaseAnalyticsCore;
		};
		1AB6D0DA2EE9E27100196EEA /* FirebaseCore */ = {
			isa = XCSwiftPackageProductDependency;
			package = 1A875D192EE9DFCF00FFFD2D /* XCRemoteSwiftPackageReference "firebase-ios-sdk" */;
			productName = FirebaseCore;
		};
		1AB6D0DC2EE9E27100196EEA /* FirebaseCrashlytics */ = {
			isa = XCSwiftPackageProductDependency;
			package = 1A875D192EE9DFCF00FFFD2D /* XCRemoteSwiftPackageReference "firebase-ios-sdk" */;
			productName = FirebaseCrashlytics;
		};
/* End XCSwiftPackageProductDependency section */
	};
	rootObject = 1AD095C02ED6BF9D00A540EC /* Project object */;
}
